// !$*UTF8*$!
{
	archiveVersion = 1;
	classes = {
	};
	objectVersion = 46;
	objects = {

/* Begin PBXBuildFile section */
		911EC1F11B6744EB000C23F3 /* barb.cpp in Sources */ = {isa = PBXBuildFile; fileRef = 911EC1E11B6744EB000C23F3 /* barb.cpp */; };
		911EC1F21B6744EB000C23F3 /* battleField.cpp in Sources */ = {isa = PBXBuildFile; fileRef = 911EC1E31B6744EB000C23F3 /* battleField.cpp */; };
		911EC1F31B6744EB000C23F3 /* blue_men.cpp in Sources */ = {isa = PBXBuildFile; fileRef = 911EC1E51B6744EB000C23F3 /* blue_men.cpp */; };
		911EC1F41B6744EB000C23F3 /* creature.cpp in Sources */ = {isa = PBXBuildFile; fileRef = 911EC1E71B6744EB000C23F3 /* creature.cpp */; };
		911EC1F51B6744EB000C23F3 /* gob.cpp in Sources */ = {isa = PBXBuildFile; fileRef = 911EC1E91B6744EB000C23F3 /* gob.cpp */; };
		911EC1F61B6744EB000C23F3 /* main.cpp in Sources */ = {isa = PBXBuildFile; fileRef = 911EC1EB1B6744EB000C23F3 /* main.cpp */; };
		911EC1F71B6744EB000C23F3 /* makefile in Sources */ = {isa = PBXBuildFile; fileRef = 911EC1EC1B6744EB000C23F3 /* makefile */; };
		911EC1F81B6744EB000C23F3 /* reptile.cpp in Sources */ = {isa = PBXBuildFile; fileRef = 911EC1ED1B6744EB000C23F3 /* reptile.cpp */; };
		911EC1F91B6744EB000C23F3 /* shadow.cpp in Sources */ = {isa = PBXBuildFile; fileRef = 911EC1EF1B6744EB000C23F3 /* shadow.cpp */; };
		9166804A1B6C76C10098527B /* queue.cpp in Sources */ = {isa = PBXBuildFile; fileRef = 916680461B6C76C10098527B /* queue.cpp */; };
		9166804B1B6C76C10098527B /* theStack.cpp in Sources */ = {isa = PBXBuildFile; fileRef = 916680481B6C76C10098527B /* theStack.cpp */; };
/* End PBXBuildFile section */

/* Begin PBXCopyFilesBuildPhase section */
		911EC1D51B6744BB000C23F3 /* CopyFiles */ = {
			isa = PBXCopyFilesBuildPhase;
			buildActionMask = 2147483647;
			dstPath = /usr/share/man/man1/;
			dstSubfolderSpec = 0;
			files = (
			);
			runOnlyForDeploymentPostprocessing = 1;
		};
/* End PBXCopyFilesBuildPhase section */

/* Begin PBXFileReference section */
		911EC1D71B6744BB000C23F3 /* Polytron Tournament */ = {isa = PBXFileReference; explicitFileType = "compiled.mach-o.executable"; includeInIndex = 0; path = "Polytron Tournament"; sourceTree = BUILT_PRODUCTS_DIR; };
		911EC1E11B6744EB000C23F3 /* barb.cpp */ = {isa = PBXFileReference; fileEncoding = 4; lastKnownFileType = sourcecode.cpp.cpp; path = barb.cpp; sourceTree = "<group>"; };
		911EC1E21B6744EB000C23F3 /* barb.h */ = {isa = PBXFileReference; fileEncoding = 4; lastKnownFileType = sourcecode.c.h; path = barb.h; sourceTree = "<group>"; };
		911EC1E31B6744EB000C23F3 /* battleField.cpp */ = {isa = PBXFileReference; fileEncoding = 4; lastKnownFileType = sourcecode.cpp.cpp; path = battleField.cpp; sourceTree = "<group>"; };
		911EC1E41B6744EB000C23F3 /* battleField.h */ = {isa = PBXFileReference; fileEncoding = 4; lastKnownFileType = sourcecode.c.h; path = battleField.h; sourceTree = "<group>"; };
		911EC1E51B6744EB000C23F3 /* blue_men.cpp */ = {isa = PBXFileReference; fileEncoding = 4; lastKnownFileType = sourcecode.cpp.cpp; path = blue_men.cpp; sourceTree = "<group>"; };
		911EC1E61B6744EB000C23F3 /* blue_men.h */ = {isa = PBXFileReference; fileEncoding = 4; lastKnownFileType = sourcecode.c.h; path = blue_men.h; sourceTree = "<group>"; };
		911EC1E71B6744EB000C23F3 /* creature.cpp */ = {isa = PBXFileReference; fileEncoding = 4; lastKnownFileType = sourcecode.cpp.cpp; path = creature.cpp; sourceTree = "<group>"; };
		911EC1E81B6744EB000C23F3 /* creature.h */ = {isa = PBXFileReference; fileEncoding = 4; lastKnownFileType = sourcecode.c.h; path = creature.h; sourceTree = "<group>"; };
		911EC1E91B6744EB000C23F3 /* gob.cpp */ = {isa = PBXFileReference; fileEncoding = 4; lastKnownFileType = sourcecode.cpp.cpp; path = gob.cpp; sourceTree = "<group>"; };
		911EC1EA1B6744EB000C23F3 /* gob.h */ = {isa = PBXFileReference; fileEncoding = 4; lastKnownFileType = sourcecode.c.h; path = gob.h; sourceTree = "<group>"; };
		911EC1EB1B6744EB000C23F3 /* main.cpp */ = {isa = PBXFileReference; fileEncoding = 4; lastKnownFileType = sourcecode.cpp.cpp; path = main.cpp; sourceTree = "<group>"; };
		911EC1EC1B6744EB000C23F3 /* makefile */ = {isa = PBXFileReference; fileEncoding = 4; lastKnownFileType = sourcecode.make; path = makefile; sourceTree = "<group>"; };
		911EC1ED1B6744EB000C23F3 /* reptile.cpp */ = {isa = PBXFileReference; fileEncoding = 4; lastKnownFileType = sourcecode.cpp.cpp; path = reptile.cpp; sourceTree = "<group>"; };
		911EC1EE1B6744EB000C23F3 /* reptile.h */ = {isa = PBXFileReference; fileEncoding = 4; lastKnownFileType = sourcecode.c.h; path = reptile.h; sourceTree = "<group>"; };
		911EC1EF1B6744EB000C23F3 /* shadow.cpp */ = {isa = PBXFileReference; fileEncoding = 4; lastKnownFileType = sourcecode.cpp.cpp; path = shadow.cpp; sourceTree = "<group>"; };
		911EC1F01B6744EB000C23F3 /* shadow.h */ = {isa = PBXFileReference; fileEncoding = 4; lastKnownFileType = sourcecode.c.h; path = shadow.h; sourceTree = "<group>"; };
		916680461B6C76C10098527B /* queue.cpp */ = {isa = PBXFileReference; fileEncoding = 4; lastKnownFileType = sourcecode.cpp.cpp; path = queue.cpp; sourceTree = "<group>"; };
		916680471B6C76C10098527B /* queue.h */ = {isa = PBXFileReference; fileEncoding = 4; lastKnownFileType = sourcecode.c.h; path = queue.h; sourceTree = "<group>"; };
		916680481B6C76C10098527B /* theStack.cpp */ = {isa = PBXFileReference; fileEncoding = 4; lastKnownFileType = sourcecode.cpp.cpp; path = theStack.cpp; sourceTree = "<group>"; };
		916680491B6C76C10098527B /* theStack.h */ = {isa = PBXFileReference; fileEncoding = 4; lastKnownFileType = sourcecode.c.h; path = theStack.h; sourceTree = "<group>"; };
/* End PBXFileReference section */

/* Begin PBXFrameworksBuildPhase section */
		911EC1D41B6744BB000C23F3 /* Frameworks */ = {
			isa = PBXFrameworksBuildPhase;
			buildActionMask = 2147483647;
			files = (
			);
			runOnlyForDeploymentPostprocessing = 0;
		};
/* End PBXFrameworksBuildPhase section */

/* Begin PBXGroup section */
		911EC1CE1B6744BA000C23F3 = {
			isa = PBXGroup;
			children = (
				911EC1D91B6744BB000C23F3 /* Polytron Tournament */,
				911EC1D81B6744BB000C23F3 /* Products */,
			);
			sourceTree = "<group>";
		};
		911EC1D81B6744BB000C23F3 /* Products */ = {
			isa = PBXGroup;
			children = (
				911EC1D71B6744BB000C23F3 /* Polytron Tournament */,
			);
			name = Products;
			sourceTree = "<group>";
		};
		911EC1D91B6744BB000C23F3 /* Polytron Tournament */ = {
			isa = PBXGroup;
			children = (
				911EC1E41B6744EB000C23F3 /* battleField.h */,
				911EC1E31B6744EB000C23F3 /* battleField.cpp */,
				911EC1E81B6744EB000C23F3 /* creature.h */,
				911EC1E71B6744EB000C23F3 /* creature.cpp */,
				911EC1E11B6744EB000C23F3 /* barb.cpp */,
				911EC1E21B6744EB000C23F3 /* barb.h */,
				911EC1E51B6744EB000C23F3 /* blue_men.cpp */,
				911EC1E61B6744EB000C23F3 /* blue_men.h */,
				911EC1E91B6744EB000C23F3 /* gob.cpp */,
				911EC1EA1B6744EB000C23F3 /* gob.h */,
				911EC1ED1B6744EB000C23F3 /* reptile.cpp */,
				911EC1EE1B6744EB000C23F3 /* reptile.h */,
				911EC1EF1B6744EB000C23F3 /* shadow.cpp */,
				911EC1F01B6744EB000C23F3 /* shadow.h */,
				916680471B6C76C10098527B /* queue.h */,
				916680461B6C76C10098527B /* queue.cpp */,
				916680491B6C76C10098527B /* theStack.h */,
				916680481B6C76C10098527B /* theStack.cpp */,
				911EC1EB1B6744EB000C23F3 /* main.cpp */,
				911EC1EC1B6744EB000C23F3 /* makefile */,
			);
			path = "Polytron Tournament";
			sourceTree = "<group>";
		};
/* End PBXGroup section */

/* Begin PBXNativeTarget section */
		911EC1D61B6744BB000C23F3 /* Polytron Tournament */ = {
			isa = PBXNativeTarget;
			buildConfigurationList = 911EC1DE1B6744BB000C23F3 /* Build configuration list for PBXNativeTarget "Polytron Tournament" */;
			buildPhases = (
				911EC1D31B6744BB000C23F3 /* Sources */,
				911EC1D41B6744BB000C23F3 /* Frameworks */,
				911EC1D51B6744BB000C23F3 /* CopyFiles */,
			);
			buildRules = (
			);
			dependencies = (
			);
			name = "Polytron Tournament";
			productName = "Polytron Tournament";
			productReference = 911EC1D71B6744BB000C23F3 /* Polytron Tournament */;
			productType = "com.apple.product-type.tool";
		};
/* End PBXNativeTarget section */

/* Begin PBXProject section */
		911EC1CF1B6744BA000C23F3 /* Project object */ = {
			isa = PBXProject;
			attributes = {
				LastUpgradeCheck = 0640;
				ORGANIZATIONNAME = "Danny McMurrough";
				TargetAttributes = {
					911EC1D61B6744BB000C23F3 = {
						CreatedOnToolsVersion = 6.4;
					};
				};
			};
			buildConfigurationList = 911EC1D21B6744BA000C23F3 /* Build configuration list for PBXProject "Polytron Tournament" */;
			compatibilityVersion = "Xcode 3.2";
			developmentRegion = English;
			hasScannedForEncodings = 0;
			knownRegions = (
				en,
			);
			mainGroup = 911EC1CE1B6744BA000C23F3;
			productRefGroup = 911EC1D81B6744BB000C23F3 /* Products */;
			projectDirPath = "";
			projectRoot = "";
			targets = (
				911EC1D61B6744BB000C23F3 /* Polytron Tournament */,
			);
		};
/* End PBXProject section */

/* Begin PBXSourcesBuildPhase section */
		911EC1D31B6744BB000C23F3 /* Sources */ = {
			isa = PBXSourcesBuildPhase;
			buildActionMask = 2147483647;
			files = (
				911EC1F81B6744EB000C23F3 /* reptile.cpp in Sources */,
				9166804A1B6C76C10098527B /* queue.cpp in Sources */,
				911EC1F51B6744EB000C23F3 /* gob.cpp in Sources */,
				911EC1F31B6744EB000C23F3 /* blue_men.cpp in Sources */,
				911EC1F41B6744EB000C23F3 /* creature.cpp in Sources */,
				911EC1F11B6744EB000C23F3 /* barb.cpp in Sources */,
				911EC1F91B6744EB000C23F3 /* shadow.cpp in Sources */,
				911EC1F61B6744EB000C23F3 /* main.cpp in Sources */,
				911EC1F71B6744EB000C23F3 /* makefile in Sources */,
				911EC1F21B6744EB000C23F3 /* battleField.cpp in Sources */,
				9166804B1B6C76C10098527B /* theStack.cpp in Sources */,
			);
			runOnlyForDeploymentPostprocessing = 0;
		};
/* End PBXSourcesBuildPhase section */

/* Begin XCBuildConfiguration section */
		911EC1DC1B6744BB000C23F3 /* Debug */ = {
			isa = XCBuildConfiguration;
			buildSettings = {
				ALWAYS_SEARCH_USER_PATHS = NO;
				CLANG_CXX_LANGUAGE_STANDARD = "gnu++0x";
				CLANG_CXX_LIBRARY = "libc++";
				CLANG_ENABLE_MODULES = YES;
				CLANG_ENABLE_OBJC_ARC = YES;
				CLANG_WARN_BOOL_CONVERSION = YES;
				CLANG_WARN_CONSTANT_CONVERSION = YES;
				CLANG_WARN_DIRECT_OBJC_ISA_USAGE = YES_ERROR;
				CLANG_WARN_EMPTY_BODY = YES;
				CLANG_WARN_ENUM_CONVERSION = YES;
				CLANG_WARN_INT_CONVERSION = YES;
				CLANG_WARN_OBJC_ROOT_CLASS = YES_ERROR;
				CLANG_WARN_UNREACHABLE_CODE = YES;
				CLANG_WARN__DUPLICATE_METHOD_MATCH = YES;
				COPY_PHASE_STRIP = NO;
				DEBUG_INFORMATION_FORMAT = dwarf;
				ENABLE_STRICT_OBJC_MSGSEND = YES;
				GCC_C_LANGUAGE_STANDARD = gnu99;
				GCC_DYNAMIC_NO_PIC = NO;
				GCC_NO_COMMON_BLOCKS = YES;
				GCC_OPTIMIZATION_LEVEL = 0;
				GCC_PREPROCESSOR_DEFINITIONS = (
					"DEBUG=1",
					"$(inherited)",
				);
				GCC_SYMBOLS_PRIVATE_EXTERN = NO;
				GCC_WARN_64_TO_32_BIT_CONVERSION = YES;
				GCC_WARN_ABOUT_RETURN_TYPE = YES_ERROR;
				GCC_WARN_UNDECLARED_SELECTOR = YES;
				GCC_WARN_UNINITIALIZED_AUTOS = YES_AGGRESSIVE;
				GCC_WARN_UNUSED_FUNCTION = YES;
				GCC_WARN_UNUSED_VARIABLE = YES;
				MACOSX_DEPLOYMENT_TARGET = 10.10;
				MTL_ENABLE_DEBUG_INFO = YES;
				ONLY_ACTIVE_ARCH = YES;
				SDKROOT = macosx;
			};
			name = Debug;
		};
		911EC1DD1B6744BB000C23F3 /* Release */ = {
			isa = XCBuildConfiguration;
			buildSettings = {
				ALWAYS_SEARCH_USER_PATHS = NO;
				CLANG_CXX_LANGUAGE_STANDARD = "gnu++0x";
				CLANG_CXX_LIBRARY = "libc++";
				CLANG_ENABLE_MODULES = YES;
				CLANG_ENABLE_OBJC_ARC = YES;
				CLANG_WARN_BOOL_CONVERSION = YES;
				CLANG_WARN_CONSTANT_CONVERSION = YES;
				CLANG_WARN_DIRECT_OBJC_ISA_USAGE = YES_ERROR;
				CLANG_WARN_EMPTY_BODY = YES;
				CLANG_WARN_ENUM_CONVERSION = YES;
				CLANG_WARN_INT_CONVERSION = YES;
				CLANG_WARN_OBJC_ROOT_CLASS = YES_ERROR;
				CLANG_WARN_UNREACHABLE_CODE = YES;
				CLANG_WARN__DUPLICATE_METHOD_MATCH = YES;
				COPY_PHASE_STRIP = NO;
				DEBUG_INFORMATION_FORMAT = "dwarf-with-dsym";
				ENABLE_NS_ASSERTIONS = NO;
				ENABLE_STRICT_OBJC_MSGSEND = YES;
				GCC_C_LANGUAGE_STANDARD = gnu99;
				GCC_NO_COMMON_BLOCKS = YES;
				GCC_WARN_64_TO_32_BIT_CONVERSION = YES;
				GCC_WARN_ABOUT_RETURN_TYPE = YES_ERROR;
				GCC_WARN_UNDECLARED_SELECTOR = YES;
				GCC_WARN_UNINITIALIZED_AUTOS = YES_AGGRESSIVE;
				GCC_WARN_UNUSED_FUNCTION = YES;
				GCC_WARN_UNUSED_VARIABLE = YES;
				MACOSX_DEPLOYMENT_TARGET = 10.10;
				MTL_ENABLE_DEBUG_INFO = NO;
				SDKROOT = macosx;
			};
			name = Release;
		};
		911EC1DF1B6744BB000C23F3 /* Debug */ = {
			isa = XCBuildConfiguration;
			buildSettings = {
				PRODUCT_NAME = "$(TARGET_NAME)";
			};
			name = Debug;
		};
		911EC1E01B6744BB000C23F3 /* Release */ = {
			isa = XCBuildConfiguration;
			buildSettings = {
				PRODUCT_NAME = "$(TARGET_NAME)";
			};
			name = Release;
		};
/* End XCBuildConfiguration section */

/* Begin XCConfigurationList section */
		911EC1D21B6744BA000C23F3 /* Build configuration list for PBXProject "Polytron Tournament" */ = {
			isa = XCConfigurationList;
			buildConfigurations = (
				911EC1DC1B6744BB000C23F3 /* Debug */,
				911EC1DD1B6744BB000C23F3 /* Release */,
			);
			defaultConfigurationIsVisible = 0;
			defaultConfigurationName = Release;
		};
		911EC1DE1B6744BB000C23F3 /* Build configuration list for PBXNativeTarget "Polytron Tournament" */ = {
			isa = XCConfigurationList;
			buildConfigurations = (
				911EC1DF1B6744BB000C23F3 /* Debug */,
				911EC1E01B6744BB000C23F3 /* Release */,
			);
			defaultConfigurationIsVisible = 0;
			defaultConfigurationName = Release;
		};
/* End XCConfigurationList section */
	};
	rootObject = 911EC1CF1B6744BA000C23F3 /* Project object */;
}
